{
  "version": 4,
  "terraform_version": "0.13.6",
  "serial": 52,
  "lineage": "c3cf7718-5b9f-2895-0aeb-50f8af1ce183",
  "outputs": {
    "gcs_bucket_tfstate": {
      "value": "gcp-wf-tfstate-a844",
      "type": "string"
    },
    "seed_project_id": {
      "value": "gcp-wf-seed-779f",
      "type": "string"
    },
    "terraform_sa_email": {
      "value": "org-terraform@gcp-wf-seed-779f.iam.gserviceaccount.com",
      "type": "string"
    },
    "terraform_sa_name": {
      "value": "projects/gcp-wf-seed-779f/serviceAccounts/org-terraform@gcp-wf-seed-779f.iam.gserviceaccount.com",
      "type": "string"
    }
  },
  "resources": [
    {
      "mode": "managed",
      "type": "google_billing_account_iam_member",
      "name": "tf_billing_admin",
      "provider": "provider[\"registry.terraform.io/hashicorp/google\"]",
      "instances": [
        {
          "schema_version": 0,
          "attributes": {
            "billing_account_id": "01B9C8-4FDF93-2CAD36",
            "condition": [],
            "etag": "BwXDN5SnYYA=",
            "id": "01B9C8-4FDF93-2CAD36/roles/billing.admin/serviceAccount:org-terraform@gcp-wf-seed-779f.iam.gserviceaccount.com",
            "member": "serviceAccount:org-terraform@gcp-wf-seed-779f.iam.gserviceaccount.com",
            "role": "roles/billing.admin"
          },
          "private": "bnVsbA==",
          "dependencies": [
            "google_folder.bootstrap",
            "module.seed_bootstrap.google_folder_iam_member.tmp_project_creator",
            "module.seed_bootstrap.google_organization_iam_member.tmp_project_creator",
            "module.seed_bootstrap.google_service_account.org_terraform",
            "module.seed_bootstrap.module.seed_project.module.project-factory.google_compute_shared_vpc_host_project.shared_vpc_host",
            "module.seed_bootstrap.module.seed_project.module.project-factory.google_compute_shared_vpc_service_project.shared_vpc_attachment",
            "module.seed_bootstrap.module.seed_project.module.project-factory.google_project.main",
            "module.seed_bootstrap.module.seed_project.module.project-factory.module.project_services.google_project_iam_member.project_service_identity_roles",
            "module.seed_bootstrap.module.seed_project.module.project-factory.module.project_services.google_project_service.project_services",
            "module.seed_bootstrap.module.seed_project.module.project-factory.module.project_services.google_project_service_identity.project_service_identities",
            "module.seed_bootstrap.module.seed_project.module.project-factory.random_id.random_project_id_suffix"
          ]
        }
      ]
    },
    {
      "mode": "managed",
      "type": "google_folder",
      "name": "bootstrap",
      "provider": "provider[\"registry.terraform.io/hashicorp/google\"]",
      "instances": [
        {
          "schema_version": 0,
          "attributes": {
            "create_time": "2021-05-26T08:35:22.575Z",
            "display_name": "bootstrap-1",
            "folder_id": "693453277557",
            "id": "folders/693453277557",
            "lifecycle_state": "ACTIVE",
            "name": "folders/693453277557",
            "parent": "organizations/732531019985",
            "timeouts": null
          },
          "private": "eyJlMmJmYjczMC1lY2FhLTExZTYtOGY4OC0zNDM2M2JjN2M0YzAiOnsiY3JlYXRlIjoyNDAwMDAwMDAwMDAsImRlbGV0ZSI6MjQwMDAwMDAwMDAwLCJyZWFkIjoyNDAwMDAwMDAwMDAsInVwZGF0ZSI6MjQwMDAwMDAwMDAwfX0="
        }
      ]
    },
    {
      "module": "module.seed_bootstrap",
      "mode": "managed",
      "type": "google_billing_account_iam_member",
      "name": "tf_billing_user",
      "provider": "provider[\"registry.terraform.io/hashicorp/google\"]",
      "instances": [
        {
          "index_key": 0,
          "schema_version": 0,
          "attributes": {
            "billing_account_id": "01B9C8-4FDF93-2CAD36",
            "condition": [],
            "etag": "BwXDN46IDLA=",
            "id": "01B9C8-4FDF93-2CAD36/roles/billing.user/serviceAccount:org-terraform@gcp-wf-seed-779f.iam.gserviceaccount.com",
            "member": "serviceAccount:org-terraform@gcp-wf-seed-779f.iam.gserviceaccount.com",
            "role": "roles/billing.user"
          },
          "private": "bnVsbA==",
          "dependencies": [
            "google_folder.bootstrap",
            "module.seed_bootstrap.google_folder_iam_member.tmp_project_creator",
            "module.seed_bootstrap.google_organization_iam_member.tmp_project_creator",
            "module.seed_bootstrap.google_service_account.org_terraform",
            "module.seed_bootstrap.module.seed_project.module.project-factory.google_compute_shared_vpc_host_project.shared_vpc_host",
            "module.seed_bootstrap.module.seed_project.module.project-factory.google_compute_shared_vpc_service_project.shared_vpc_attachment",
            "module.seed_bootstrap.module.seed_project.module.project-factory.google_project.main",
            "module.seed_bootstrap.module.seed_project.module.project-factory.module.project_services.google_project_iam_member.project_service_identity_roles",
            "module.seed_bootstrap.module.seed_project.module.project-factory.module.project_services.google_project_service.project_services",
            "module.seed_bootstrap.module.seed_project.module.project-factory.module.project_services.google_project_service_identity.project_service_identities",
            "module.seed_bootstrap.module.seed_project.module.project-factory.random_id.random_project_id_suffix"
          ]
        }
      ]
    },
    {
      "module": "module.seed_bootstrap",
      "mode": "managed",
      "type": "google_organization_iam_binding",
      "name": "billing_creator",
      "provider": "provider[\"registry.terraform.io/hashicorp/google\"]",
      "instances": [
        {
          "schema_version": 0,
          "attributes": {
            "condition": [],
            "etag": "BwXDN4KBhpM=",
            "id": "732531019985/roles/billing.creator",
            "members": [
              "group:test1@kiteshop.joonix.net"
            ],
            "org_id": "732531019985",
            "role": "roles/billing.creator"
          },
          "private": "bnVsbA=="
        }
      ]
    },
    {
      "module": "module.seed_bootstrap",
      "mode": "managed",
      "type": "google_organization_iam_binding",
      "name": "project_creator",
      "provider": "provider[\"registry.terraform.io/hashicorp/google\"]",
      "instances": [
        {
          "index_key": 0,
          "schema_version": 0,
          "attributes": {
            "condition": [],
            "etag": "BwXDN5PvEAc=",
            "id": "732531019985/roles/resourcemanager.projectCreator",
            "members": [
              "group:test1@kiteshop.joonix.net",
              "serviceAccount:org-terraform@gcp-wf-seed-779f.iam.gserviceaccount.com"
            ],
            "org_id": "732531019985",
            "role": "roles/resourcemanager.projectCreator"
          },
          "private": "bnVsbA==",
          "dependencies": [
            "google_folder.bootstrap",
            "module.seed_bootstrap.google_folder_iam_member.tmp_project_creator",
            "module.seed_bootstrap.google_organization_iam_member.tmp_project_creator",
            "module.seed_bootstrap.google_service_account.org_terraform",
            "module.seed_bootstrap.module.seed_project.module.project-factory.google_compute_shared_vpc_host_project.shared_vpc_host",
            "module.seed_bootstrap.module.seed_project.module.project-factory.google_compute_shared_vpc_service_project.shared_vpc_attachment",
            "module.seed_bootstrap.module.seed_project.module.project-factory.google_project.main",
            "module.seed_bootstrap.module.seed_project.module.project-factory.module.project_services.google_project_iam_member.project_service_identity_roles",
            "module.seed_bootstrap.module.seed_project.module.project-factory.module.project_services.google_project_service.project_services",
            "module.seed_bootstrap.module.seed_project.module.project-factory.module.project_services.google_project_service_identity.project_service_identities",
            "module.seed_bootstrap.module.seed_project.module.project-factory.random_id.random_project_id_suffix"
          ]
        }
      ]
    },
    {
      "module": "module.seed_bootstrap",
      "mode": "managed",
      "type": "google_organization_iam_member",
      "name": "org_admin_serviceusage_consumer",
      "provider": "provider[\"registry.terraform.io/hashicorp/google\"]",
      "instances": [
        {
          "index_key": 0,
          "schema_version": 0,
          "attributes": {
            "condition": [],
            "etag": "BwXDN4KBhpM=",
            "id": "732531019985/roles/serviceusage.serviceUsageConsumer/group:test1@kiteshop.joonix.net",
            "member": "group:test1@kiteshop.joonix.net",
            "org_id": "732531019985",
            "role": "roles/serviceusage.serviceUsageConsumer"
          },
          "private": "bnVsbA=="
        }
      ]
    },
    {
      "module": "module.seed_bootstrap",
      "mode": "managed",
      "type": "google_organization_iam_member",
      "name": "org_admins_group",
      "provider": "provider[\"registry.terraform.io/hashicorp/google\"]",
      "instances": [
        {
          "index_key": "roles/billing.user",
          "schema_version": 0,
          "attributes": {
            "condition": [],
            "etag": "BwXDN4KBhpM=",
            "id": "732531019985/roles/billing.user/group:test1@kiteshop.joonix.net",
            "member": "group:test1@kiteshop.joonix.net",
            "org_id": "732531019985",
            "role": "roles/billing.user"
          },
          "private": "bnVsbA=="
        },
        {
          "index_key": "roles/orgpolicy.policyAdmin",
          "schema_version": 0,
          "attributes": {
            "condition": [],
            "etag": "BwXDN4KBhpM=",
            "id": "732531019985/roles/orgpolicy.policyAdmin/group:test1@kiteshop.joonix.net",
            "member": "group:test1@kiteshop.joonix.net",
            "org_id": "732531019985",
            "role": "roles/orgpolicy.policyAdmin"
          },
          "private": "bnVsbA=="
        },
        {
          "index_key": "roles/resourcemanager.organizationAdmin",
          "schema_version": 0,
          "attributes": {
            "condition": [],
            "etag": "BwXDN4KBhpM=",
            "id": "732531019985/roles/resourcemanager.organizationAdmin/group:test1@kiteshop.joonix.net",
            "member": "group:test1@kiteshop.joonix.net",
            "org_id": "732531019985",
            "role": "roles/resourcemanager.organizationAdmin"
          },
          "private": "bnVsbA=="
        }
      ]
    },
    {
      "module": "module.seed_bootstrap",
      "mode": "managed",
      "type": "google_organization_iam_member",
      "name": "org_billing_admin",
      "provider": "provider[\"registry.terraform.io/hashicorp/google\"]",
      "instances": [
        {
          "schema_version": 0,
          "attributes": {
            "condition": [],
            "etag": "BwXDN4KBhpM=",
            "id": "732531019985/roles/billing.admin/group:test1@kiteshop.joonix.net",
            "member": "group:test1@kiteshop.joonix.net",
            "org_id": "732531019985",
            "role": "roles/billing.admin"
          },
          "private": "bnVsbA=="
        }
      ]
    },
    {
      "module": "module.seed_bootstrap",
      "mode": "managed",
      "type": "google_organization_iam_member",
      "name": "tf_sa_org_perms",
      "provider": "provider[\"registry.terraform.io/hashicorp/google\"]",
      "instances": [
        {
          "index_key": "roles/accesscontextmanager.policyAdmin",
          "schema_version": 0,
          "attributes": {
            "condition": [],
            "etag": "BwXDN5PvEAc=",
            "id": "732531019985/roles/accesscontextmanager.policyAdmin/serviceAccount:org-terraform@gcp-wf-seed-779f.iam.gserviceaccount.com",
            "member": "serviceAccount:org-terraform@gcp-wf-seed-779f.iam.gserviceaccount.com",
            "org_id": "732531019985",
            "role": "roles/accesscontextmanager.policyAdmin"
          },
          "private": "bnVsbA==",
          "dependencies": [
            "google_folder.bootstrap",
            "module.seed_bootstrap.google_folder_iam_member.tmp_project_creator",
            "module.seed_bootstrap.google_organization_iam_member.tmp_project_creator",
            "module.seed_bootstrap.google_service_account.org_terraform",
            "module.seed_bootstrap.module.seed_project.module.project-factory.google_compute_shared_vpc_host_project.shared_vpc_host",
            "module.seed_bootstrap.module.seed_project.module.project-factory.google_compute_shared_vpc_service_project.shared_vpc_attachment",
            "module.seed_bootstrap.module.seed_project.module.project-factory.google_project.main",
            "module.seed_bootstrap.module.seed_project.module.project-factory.module.project_services.google_project_iam_member.project_service_identity_roles",
            "module.seed_bootstrap.module.seed_project.module.project-factory.module.project_services.google_project_service.project_services",
            "module.seed_bootstrap.module.seed_project.module.project-factory.module.project_services.google_project_service_identity.project_service_identities",
            "module.seed_bootstrap.module.seed_project.module.project-factory.random_id.random_project_id_suffix"
          ]
        },
        {
          "index_key": "roles/billing.user",
          "schema_version": 0,
          "attributes": {
            "condition": [],
            "etag": "BwXDN46Fs2U=",
            "id": "732531019985/roles/billing.user/serviceAccount:org-terraform@gcp-wf-seed-779f.iam.gserviceaccount.com",
            "member": "serviceAccount:org-terraform@gcp-wf-seed-779f.iam.gserviceaccount.com",
            "org_id": "732531019985",
            "role": "roles/billing.user"
          },
          "private": "bnVsbA==",
          "dependencies": [
            "google_folder.bootstrap",
            "module.seed_bootstrap.google_folder_iam_member.tmp_project_creator",
            "module.seed_bootstrap.google_organization_iam_member.tmp_project_creator",
            "module.seed_bootstrap.google_service_account.org_terraform",
            "module.seed_bootstrap.module.seed_project.module.project-factory.google_compute_shared_vpc_host_project.shared_vpc_host",
            "module.seed_bootstrap.module.seed_project.module.project-factory.google_compute_shared_vpc_service_project.shared_vpc_attachment",
            "module.seed_bootstrap.module.seed_project.module.project-factory.google_project.main",
            "module.seed_bootstrap.module.seed_project.module.project-factory.module.project_services.google_project_iam_member.project_service_identity_roles",
            "module.seed_bootstrap.module.seed_project.module.project-factory.module.project_services.google_project_service.project_services",
            "module.seed_bootstrap.module.seed_project.module.project-factory.module.project_services.google_project_service_identity.project_service_identities",
            "module.seed_bootstrap.module.seed_project.module.project-factory.random_id.random_project_id_suffix"
          ]
        },
        {
          "index_key": "roles/compute.networkAdmin",
          "schema_version": 0,
          "attributes": {
            "condition": [],
            "etag": "BwXDN5PvEAc=",
            "id": "732531019985/roles/compute.networkAdmin/serviceAccount:org-terraform@gcp-wf-seed-779f.iam.gserviceaccount.com",
            "member": "serviceAccount:org-terraform@gcp-wf-seed-779f.iam.gserviceaccount.com",
            "org_id": "732531019985",
            "role": "roles/compute.networkAdmin"
          },
          "private": "bnVsbA==",
          "dependencies": [
            "google_folder.bootstrap",
            "module.seed_bootstrap.google_folder_iam_member.tmp_project_creator",
            "module.seed_bootstrap.google_organization_iam_member.tmp_project_creator",
            "module.seed_bootstrap.google_service_account.org_terraform",
            "module.seed_bootstrap.module.seed_project.module.project-factory.google_compute_shared_vpc_host_project.shared_vpc_host",
            "module.seed_bootstrap.module.seed_project.module.project-factory.google_compute_shared_vpc_service_project.shared_vpc_attachment",
            "module.seed_bootstrap.module.seed_project.module.project-factory.google_project.main",
            "module.seed_bootstrap.module.seed_project.module.project-factory.module.project_services.google_project_iam_member.project_service_identity_roles",
            "module.seed_bootstrap.module.seed_project.module.project-factory.module.project_services.google_project_service.project_services",
            "module.seed_bootstrap.module.seed_project.module.project-factory.module.project_services.google_project_service_identity.project_service_identities",
            "module.seed_bootstrap.module.seed_project.module.project-factory.random_id.random_project_id_suffix"
          ]
        },
        {
          "index_key": "roles/compute.xpnAdmin",
          "schema_version": 0,
          "attributes": {
            "condition": [],
            "etag": "BwXDN5PvEAc=",
            "id": "732531019985/roles/compute.xpnAdmin/serviceAccount:org-terraform@gcp-wf-seed-779f.iam.gserviceaccount.com",
            "member": "serviceAccount:org-terraform@gcp-wf-seed-779f.iam.gserviceaccount.com",
            "org_id": "732531019985",
            "role": "roles/compute.xpnAdmin"
          },
          "private": "bnVsbA==",
          "dependencies": [
            "google_folder.bootstrap",
            "module.seed_bootstrap.google_folder_iam_member.tmp_project_creator",
            "module.seed_bootstrap.google_organization_iam_member.tmp_project_creator",
            "module.seed_bootstrap.google_service_account.org_terraform",
            "module.seed_bootstrap.module.seed_project.module.project-factory.google_compute_shared_vpc_host_project.shared_vpc_host",
            "module.seed_bootstrap.module.seed_project.module.project-factory.google_compute_shared_vpc_service_project.shared_vpc_attachment",
            "module.seed_bootstrap.module.seed_project.module.project-factory.google_project.main",
            "module.seed_bootstrap.module.seed_project.module.project-factory.module.project_services.google_project_iam_member.project_service_identity_roles",
            "module.seed_bootstrap.module.seed_project.module.project-factory.module.project_services.google_project_service.project_services",
            "module.seed_bootstrap.module.seed_project.module.project-factory.module.project_services.google_project_service_identity.project_service_identities",
            "module.seed_bootstrap.module.seed_project.module.project-factory.random_id.random_project_id_suffix"
          ]
        },
        {
          "index_key": "roles/iam.securityAdmin",
          "schema_version": 0,
          "attributes": {
            "condition": [],
            "etag": "BwXDN5PvEAc=",
            "id": "732531019985/roles/iam.securityAdmin/serviceAccount:org-terraform@gcp-wf-seed-779f.iam.gserviceaccount.com",
            "member": "serviceAccount:org-terraform@gcp-wf-seed-779f.iam.gserviceaccount.com",
            "org_id": "732531019985",
            "role": "roles/iam.securityAdmin"
          },
          "private": "bnVsbA==",
          "dependencies": [
            "google_folder.bootstrap",
            "module.seed_bootstrap.google_folder_iam_member.tmp_project_creator",
            "module.seed_bootstrap.google_organization_iam_member.tmp_project_creator",
            "module.seed_bootstrap.google_service_account.org_terraform",
            "module.seed_bootstrap.module.seed_project.module.project-factory.google_compute_shared_vpc_host_project.shared_vpc_host",
            "module.seed_bootstrap.module.seed_project.module.project-factory.google_compute_shared_vpc_service_project.shared_vpc_attachment",
            "module.seed_bootstrap.module.seed_project.module.project-factory.google_project.main",
            "module.seed_bootstrap.module.seed_project.module.project-factory.module.project_services.google_project_iam_member.project_service_identity_roles",
            "module.seed_bootstrap.module.seed_project.module.project-factory.module.project_services.google_project_service.project_services",
            "module.seed_bootstrap.module.seed_project.module.project-factory.module.project_services.google_project_service_identity.project_service_identities",
            "module.seed_bootstrap.module.seed_project.module.project-factory.random_id.random_project_id_suffix"
          ]
        },
        {
          "index_key": "roles/iam.serviceAccountAdmin",
          "schema_version": 0,
          "attributes": {
            "condition": [],
            "etag": "BwXDN5PvEAc=",
            "id": "732531019985/roles/iam.serviceAccountAdmin/serviceAccount:org-terraform@gcp-wf-seed-779f.iam.gserviceaccount.com",
            "member": "serviceAccount:org-terraform@gcp-wf-seed-779f.iam.gserviceaccount.com",
            "org_id": "732531019985",
            "role": "roles/iam.serviceAccountAdmin"
          },
          "private": "bnVsbA==",
          "dependencies": [
            "google_folder.bootstrap",
            "module.seed_bootstrap.google_folder_iam_member.tmp_project_creator",
            "module.seed_bootstrap.google_organization_iam_member.tmp_project_creator",
            "module.seed_bootstrap.google_service_account.org_terraform",
            "module.seed_bootstrap.module.seed_project.module.project-factory.google_compute_shared_vpc_host_project.shared_vpc_host",
            "module.seed_bootstrap.module.seed_project.module.project-factory.google_compute_shared_vpc_service_project.shared_vpc_attachment",
            "module.seed_bootstrap.module.seed_project.module.project-factory.google_project.main",
            "module.seed_bootstrap.module.seed_project.module.project-factory.module.project_services.google_project_iam_member.project_service_identity_roles",
            "module.seed_bootstrap.module.seed_project.module.project-factory.module.project_services.google_project_service.project_services",
            "module.seed_bootstrap.module.seed_project.module.project-factory.module.project_services.google_project_service_identity.project_service_identities",
            "module.seed_bootstrap.module.seed_project.module.project-factory.random_id.random_project_id_suffix"
          ]
        },
        {
          "index_key": "roles/logging.configWriter",
          "schema_version": 0,
          "attributes": {
            "condition": [],
            "etag": "BwXDN5PvEAc=",
            "id": "732531019985/roles/logging.configWriter/serviceAccount:org-terraform@gcp-wf-seed-779f.iam.gserviceaccount.com",
            "member": "serviceAccount:org-terraform@gcp-wf-seed-779f.iam.gserviceaccount.com",
            "org_id": "732531019985",
            "role": "roles/logging.configWriter"
          },
          "private": "bnVsbA==",
          "dependencies": [
            "google_folder.bootstrap",
            "module.seed_bootstrap.google_folder_iam_member.tmp_project_creator",
            "module.seed_bootstrap.google_organization_iam_member.tmp_project_creator",
            "module.seed_bootstrap.google_service_account.org_terraform",
            "module.seed_bootstrap.module.seed_project.module.project-factory.google_compute_shared_vpc_host_project.shared_vpc_host",
            "module.seed_bootstrap.module.seed_project.module.project-factory.google_compute_shared_vpc_service_project.shared_vpc_attachment",
            "module.seed_bootstrap.module.seed_project.module.project-factory.google_project.main",
            "module.seed_bootstrap.module.seed_project.module.project-factory.module.project_services.google_project_iam_member.project_service_identity_roles",
            "module.seed_bootstrap.module.seed_project.module.project-factory.module.project_services.google_project_service.project_services",
            "module.seed_bootstrap.module.seed_project.module.project-factory.module.project_services.google_project_service_identity.project_service_identities",
            "module.seed_bootstrap.module.seed_project.module.project-factory.random_id.random_project_id_suffix"
          ]
        },
        {
          "index_key": "roles/orgpolicy.policyAdmin",
          "schema_version": 0,
          "attributes": {
            "condition": [],
            "etag": "BwXDN5PvEAc=",
            "id": "732531019985/roles/orgpolicy.policyAdmin/serviceAccount:org-terraform@gcp-wf-seed-779f.iam.gserviceaccount.com",
            "member": "serviceAccount:org-terraform@gcp-wf-seed-779f.iam.gserviceaccount.com",
            "org_id": "732531019985",
            "role": "roles/orgpolicy.policyAdmin"
          },
          "private": "bnVsbA==",
          "dependencies": [
            "google_folder.bootstrap",
            "module.seed_bootstrap.google_folder_iam_member.tmp_project_creator",
            "module.seed_bootstrap.google_organization_iam_member.tmp_project_creator",
            "module.seed_bootstrap.google_service_account.org_terraform",
            "module.seed_bootstrap.module.seed_project.module.project-factory.google_compute_shared_vpc_host_project.shared_vpc_host",
            "module.seed_bootstrap.module.seed_project.module.project-factory.google_compute_shared_vpc_service_project.shared_vpc_attachment",
            "module.seed_bootstrap.module.seed_project.module.project-factory.google_project.main",
            "module.seed_bootstrap.module.seed_project.module.project-factory.module.project_services.google_project_iam_member.project_service_identity_roles",
            "module.seed_bootstrap.module.seed_project.module.project-factory.module.project_services.google_project_service.project_services",
            "module.seed_bootstrap.module.seed_project.module.project-factory.module.project_services.google_project_service_identity.project_service_identities",
            "module.seed_bootstrap.module.seed_project.module.project-factory.random_id.random_project_id_suffix"
          ]
        },
        {
          "index_key": "roles/resourcemanager.folderAdmin",
          "schema_version": 0,
          "attributes": {
            "condition": [],
            "etag": "BwXDN5PvEAc=",
            "id": "732531019985/roles/resourcemanager.folderAdmin/serviceAccount:org-terraform@gcp-wf-seed-779f.iam.gserviceaccount.com",
            "member": "serviceAccount:org-terraform@gcp-wf-seed-779f.iam.gserviceaccount.com",
            "org_id": "732531019985",
            "role": "roles/resourcemanager.folderAdmin"
          },
          "private": "bnVsbA==",
          "dependencies": [
            "google_folder.bootstrap",
            "module.seed_bootstrap.google_folder_iam_member.tmp_project_creator",
            "module.seed_bootstrap.google_organization_iam_member.tmp_project_creator",
            "module.seed_bootstrap.google_service_account.org_terraform",
            "module.seed_bootstrap.module.seed_project.module.project-factory.google_compute_shared_vpc_host_project.shared_vpc_host",
            "module.seed_bootstrap.module.seed_project.module.project-factory.google_compute_shared_vpc_service_project.shared_vpc_attachment",
            "module.seed_bootstrap.module.seed_project.module.project-factory.google_project.main",
            "module.seed_bootstrap.module.seed_project.module.project-factory.module.project_services.google_project_iam_member.project_service_identity_roles",
            "module.seed_bootstrap.module.seed_project.module.project-factory.module.project_services.google_project_service.project_services",
            "module.seed_bootstrap.module.seed_project.module.project-factory.module.project_services.google_project_service_identity.project_service_identities",
            "module.seed_bootstrap.module.seed_project.module.project-factory.random_id.random_project_id_suffix"
          ]
        },
        {
          "index_key": "roles/resourcemanager.organizationViewer",
          "schema_version": 0,
          "attributes": {
            "condition": [],
            "etag": "BwXDN5PvEAc=",
            "id": "732531019985/roles/resourcemanager.organizationViewer/serviceAccount:org-terraform@gcp-wf-seed-779f.iam.gserviceaccount.com",
            "member": "serviceAccount:org-terraform@gcp-wf-seed-779f.iam.gserviceaccount.com",
            "org_id": "732531019985",
            "role": "roles/resourcemanager.organizationViewer"
          },
          "private": "bnVsbA==",
          "dependencies": [
            "google_folder.bootstrap",
            "module.seed_bootstrap.google_folder_iam_member.tmp_project_creator",
            "module.seed_bootstrap.google_organization_iam_member.tmp_project_creator",
            "module.seed_bootstrap.google_service_account.org_terraform",
            "module.seed_bootstrap.module.seed_project.module.project-factory.google_compute_shared_vpc_host_project.shared_vpc_host",
            "module.seed_bootstrap.module.seed_project.module.project-factory.google_compute_shared_vpc_service_project.shared_vpc_attachment",
            "module.seed_bootstrap.module.seed_project.module.project-factory.google_project.main",
            "module.seed_bootstrap.module.seed_project.module.project-factory.module.project_services.google_project_iam_member.project_service_identity_roles",
            "module.seed_bootstrap.module.seed_project.module.project-factory.module.project_services.google_project_service.project_services",
            "module.seed_bootstrap.module.seed_project.module.project-factory.module.project_services.google_project_service_identity.project_service_identities",
            "module.seed_bootstrap.module.seed_project.module.project-factory.random_id.random_project_id_suffix"
          ]
        },
        {
          "index_key": "roles/resourcemanager.projectCreator",
          "schema_version": 0,
          "attributes": {
            "condition": [],
            "etag": "BwXDN5WYmrs=",
            "id": "732531019985/roles/resourcemanager.projectCreator/serviceAccount:org-terraform@gcp-wf-seed-779f.iam.gserviceaccount.com",
            "member": "serviceAccount:org-terraform@gcp-wf-seed-779f.iam.gserviceaccount.com",
            "org_id": "732531019985",
            "role": "roles/resourcemanager.projectCreator"
          },
          "private": "bnVsbA==",
          "dependencies": [
            "google_folder.bootstrap",
            "module.seed_bootstrap.google_folder_iam_member.tmp_project_creator",
            "module.seed_bootstrap.google_organization_iam_member.tmp_project_creator",
            "module.seed_bootstrap.google_service_account.org_terraform",
            "module.seed_bootstrap.module.seed_project.module.project-factory.google_compute_shared_vpc_host_project.shared_vpc_host",
            "module.seed_bootstrap.module.seed_project.module.project-factory.google_compute_shared_vpc_service_project.shared_vpc_attachment",
            "module.seed_bootstrap.module.seed_project.module.project-factory.google_project.main",
            "module.seed_bootstrap.module.seed_project.module.project-factory.module.project_services.google_project_iam_member.project_service_identity_roles",
            "module.seed_bootstrap.module.seed_project.module.project-factory.module.project_services.google_project_service.project_services",
            "module.seed_bootstrap.module.seed_project.module.project-factory.module.project_services.google_project_service_identity.project_service_identities",
            "module.seed_bootstrap.module.seed_project.module.project-factory.random_id.random_project_id_suffix"
          ]
        },
        {
          "index_key": "roles/securitycenter.notificationConfigEditor",
          "schema_version": 0,
          "attributes": {
            "condition": [],
            "etag": "BwXDN5WYmrs=",
            "id": "732531019985/roles/securitycenter.notificationConfigEditor/serviceAccount:org-terraform@gcp-wf-seed-779f.iam.gserviceaccount.com",
            "member": "serviceAccount:org-terraform@gcp-wf-seed-779f.iam.gserviceaccount.com",
            "org_id": "732531019985",
            "role": "roles/securitycenter.notificationConfigEditor"
          },
          "private": "bnVsbA==",
          "dependencies": [
            "google_folder.bootstrap",
            "module.seed_bootstrap.google_folder_iam_member.tmp_project_creator",
            "module.seed_bootstrap.google_organization_iam_member.tmp_project_creator",
            "module.seed_bootstrap.google_service_account.org_terraform",
            "module.seed_bootstrap.module.seed_project.module.project-factory.google_compute_shared_vpc_host_project.shared_vpc_host",
            "module.seed_bootstrap.module.seed_project.module.project-factory.google_compute_shared_vpc_service_project.shared_vpc_attachment",
            "module.seed_bootstrap.module.seed_project.module.project-factory.google_project.main",
            "module.seed_bootstrap.module.seed_project.module.project-factory.module.project_services.google_project_iam_member.project_service_identity_roles",
            "module.seed_bootstrap.module.seed_project.module.project-factory.module.project_services.google_project_service.project_services",
            "module.seed_bootstrap.module.seed_project.module.project-factory.module.project_services.google_project_service_identity.project_service_identities",
            "module.seed_bootstrap.module.seed_project.module.project-factory.random_id.random_project_id_suffix"
          ]
        }
      ]
    },
    {
      "module": "module.seed_bootstrap",
      "mode": "managed",
      "type": "google_organization_iam_member",
      "name": "tmp_project_creator",
      "provider": "provider[\"registry.terraform.io/hashicorp/google\"]",
      "instances": [
        {
          "index_key": 0,
          "schema_version": 0,
          "attributes": {
            "condition": [],
            "etag": "BwXDN4KBhpM=",
            "id": "732531019985/roles/resourcemanager.projectCreator/group:test1@kiteshop.joonix.net",
            "member": "group:test1@kiteshop.joonix.net",
            "org_id": "732531019985",
            "role": "roles/resourcemanager.projectCreator"
          },
          "private": "bnVsbA=="
        }
      ]
    },
    {
      "module": "module.seed_bootstrap",
      "mode": "managed",
      "type": "google_service_account",
      "name": "org_terraform",
      "provider": "provider[\"registry.terraform.io/hashicorp/google\"]",
      "instances": [
        {
          "schema_version": 0,
          "attributes": {
            "account_id": "org-terraform",
            "description": "",
            "display_name": "CFT Organization Terraform Account",
            "email": "org-terraform@gcp-wf-seed-779f.iam.gserviceaccount.com",
            "id": "projects/gcp-wf-seed-779f/serviceAccounts/org-terraform@gcp-wf-seed-779f.iam.gserviceaccount.com",
            "name": "projects/gcp-wf-seed-779f/serviceAccounts/org-terraform@gcp-wf-seed-779f.iam.gserviceaccount.com",
            "project": "gcp-wf-seed-779f",
            "timeouts": null,
            "unique_id": "105590396800034793447"
          },
          "private": "eyJlMmJmYjczMC1lY2FhLTExZTYtOGY4OC0zNDM2M2JjN2M0YzAiOnsiY3JlYXRlIjozMDAwMDAwMDAwMDB9fQ==",
          "dependencies": [
            "google_folder.bootstrap",
            "module.seed_bootstrap.google_folder_iam_member.tmp_project_creator",
            "module.seed_bootstrap.google_organization_iam_member.tmp_project_creator",
            "module.seed_bootstrap.module.seed_project.module.project-factory.google_compute_shared_vpc_host_project.shared_vpc_host",
            "module.seed_bootstrap.module.seed_project.module.project-factory.google_compute_shared_vpc_service_project.shared_vpc_attachment",
            "module.seed_bootstrap.module.seed_project.module.project-factory.google_project.main",
            "module.seed_bootstrap.module.seed_project.module.project-factory.module.project_services.google_project_iam_member.project_service_identity_roles",
            "module.seed_bootstrap.module.seed_project.module.project-factory.module.project_services.google_project_service.project_services",
            "module.seed_bootstrap.module.seed_project.module.project-factory.module.project_services.google_project_service_identity.project_service_identities",
            "module.seed_bootstrap.module.seed_project.module.project-factory.random_id.random_project_id_suffix"
          ]
        }
      ]
    },
    {
      "module": "module.seed_bootstrap",
      "mode": "managed",
      "type": "google_service_account_iam_member",
      "name": "org_admin_sa_impersonate_permissions",
      "provider": "provider[\"registry.terraform.io/hashicorp/google\"]",
      "instances": [
        {
          "index_key": 0,
          "schema_version": 0,
          "attributes": {
            "condition": [],
            "etag": "BwXDN46Bd8M=",
            "id": "projects/gcp-wf-seed-779f/serviceAccounts/org-terraform@gcp-wf-seed-779f.iam.gserviceaccount.com/roles/iam.serviceAccountTokenCreator/group:test1@kiteshop.joonix.net",
            "member": "group:test1@kiteshop.joonix.net",
            "role": "roles/iam.serviceAccountTokenCreator",
            "service_account_id": "projects/gcp-wf-seed-779f/serviceAccounts/org-terraform@gcp-wf-seed-779f.iam.gserviceaccount.com"
          },
          "private": "bnVsbA==",
          "dependencies": [
            "google_folder.bootstrap",
            "module.seed_bootstrap.google_folder_iam_member.tmp_project_creator",
            "module.seed_bootstrap.google_organization_iam_member.tmp_project_creator",
            "module.seed_bootstrap.google_service_account.org_terraform",
            "module.seed_bootstrap.module.seed_project.module.project-factory.google_compute_shared_vpc_host_project.shared_vpc_host",
            "module.seed_bootstrap.module.seed_project.module.project-factory.google_compute_shared_vpc_service_project.shared_vpc_attachment",
            "module.seed_bootstrap.module.seed_project.module.project-factory.google_project.main",
            "module.seed_bootstrap.module.seed_project.module.project-factory.module.project_services.google_project_iam_member.project_service_identity_roles",
            "module.seed_bootstrap.module.seed_project.module.project-factory.module.project_services.google_project_service.project_services",
            "module.seed_bootstrap.module.seed_project.module.project-factory.module.project_services.google_project_service_identity.project_service_identities",
            "module.seed_bootstrap.module.seed_project.module.project-factory.random_id.random_project_id_suffix"
          ]
        }
      ]
    },
    {
      "module": "module.seed_bootstrap",
      "mode": "managed",
      "type": "google_storage_bucket",
      "name": "org_terraform_state",
      "provider": "provider[\"registry.terraform.io/hashicorp/google\"]",
      "instances": [
        {
          "schema_version": 0,
          "attributes": {
            "bucket_policy_only": true,
            "cors": [],
            "default_event_based_hold": false,
            "encryption": [],
            "force_destroy": false,
            "id": "gcp-wf-tfstate-a844",
            "labels": null,
            "lifecycle_rule": [],
            "location": "AUSTRALIA-SOUTHEAST1",
            "logging": [],
            "name": "gcp-wf-tfstate-a844",
            "project": "gcp-wf-seed-779f",
            "requester_pays": false,
            "retention_policy": [],
            "self_link": "https://www.googleapis.com/storage/v1/b/gcp-wf-tfstate-a844",
            "storage_class": "STANDARD",
            "uniform_bucket_level_access": true,
            "url": "gs://gcp-wf-tfstate-a844",
            "versioning": [
              {
                "enabled": true
              }
            ],
            "website": []
          },
          "private": "bnVsbA==",
          "dependencies": [
            "google_folder.bootstrap",
            "module.seed_bootstrap.google_folder_iam_member.tmp_project_creator",
            "module.seed_bootstrap.google_organization_iam_member.tmp_project_creator",
            "module.seed_bootstrap.module.seed_project.module.project-factory.google_compute_shared_vpc_host_project.shared_vpc_host",
            "module.seed_bootstrap.module.seed_project.module.project-factory.google_compute_shared_vpc_service_project.shared_vpc_attachment",
            "module.seed_bootstrap.module.seed_project.module.project-factory.google_project.main",
            "module.seed_bootstrap.module.seed_project.module.project-factory.module.project_services.google_project_iam_member.project_service_identity_roles",
            "module.seed_bootstrap.module.seed_project.module.project-factory.module.project_services.google_project_service.project_services",
            "module.seed_bootstrap.module.seed_project.module.project-factory.module.project_services.google_project_service_identity.project_service_identities",
            "module.seed_bootstrap.module.seed_project.module.project-factory.random_id.random_project_id_suffix",
            "module.seed_bootstrap.random_id.suffix"
          ]
        }
      ]
    },
    {
      "module": "module.seed_bootstrap",
      "mode": "managed",
      "type": "google_storage_bucket_iam_member",
      "name": "org_terraform_state_iam",
      "provider": "provider[\"registry.terraform.io/hashicorp/google\"]",
      "instances": [
        {
          "schema_version": 0,
          "attributes": {
            "bucket": "b/gcp-wf-tfstate-a844",
            "condition": [],
            "etag": "CAM=",
            "id": "b/gcp-wf-tfstate-a844/roles/storage.admin/serviceAccount:org-terraform@gcp-wf-seed-779f.iam.gserviceaccount.com",
            "member": "serviceAccount:org-terraform@gcp-wf-seed-779f.iam.gserviceaccount.com",
            "role": "roles/storage.admin"
          },
          "private": "bnVsbA==",
          "dependencies": [
            "google_folder.bootstrap",
            "module.seed_bootstrap.google_folder_iam_member.tmp_project_creator",
            "module.seed_bootstrap.google_organization_iam_member.tmp_project_creator",
            "module.seed_bootstrap.google_service_account.org_terraform",
            "module.seed_bootstrap.google_storage_bucket.org_terraform_state",
            "module.seed_bootstrap.module.seed_project.module.project-factory.google_compute_shared_vpc_host_project.shared_vpc_host",
            "module.seed_bootstrap.module.seed_project.module.project-factory.google_compute_shared_vpc_service_project.shared_vpc_attachment",
            "module.seed_bootstrap.module.seed_project.module.project-factory.google_project.main",
            "module.seed_bootstrap.module.seed_project.module.project-factory.module.project_services.google_project_iam_member.project_service_identity_roles",
            "module.seed_bootstrap.module.seed_project.module.project-factory.module.project_services.google_project_service.project_services",
            "module.seed_bootstrap.module.seed_project.module.project-factory.module.project_services.google_project_service_identity.project_service_identities",
            "module.seed_bootstrap.module.seed_project.module.project-factory.random_id.random_project_id_suffix",
            "module.seed_bootstrap.random_id.suffix"
          ]
        }
      ]
    },
    {
      "module": "module.seed_bootstrap",
      "mode": "managed",
      "type": "google_storage_bucket_iam_member",
      "name": "orgadmins_state_iam",
      "provider": "provider[\"registry.terraform.io/hashicorp/google\"]",
      "instances": [
        {
          "index_key": 0,
          "schema_version": 0,
          "attributes": {
            "bucket": "b/gcp-wf-tfstate-a844",
            "condition": [],
            "etag": "CAI=",
            "id": "b/gcp-wf-tfstate-a844/roles/storage.admin/group:test1@kiteshop.joonix.net",
            "member": "group:test1@kiteshop.joonix.net",
            "role": "roles/storage.admin"
          },
          "private": "bnVsbA==",
          "dependencies": [
            "google_folder.bootstrap",
            "module.seed_bootstrap.google_folder_iam_member.tmp_project_creator",
            "module.seed_bootstrap.google_organization_iam_member.tmp_project_creator",
            "module.seed_bootstrap.google_storage_bucket.org_terraform_state",
            "module.seed_bootstrap.module.seed_project.module.project-factory.google_compute_shared_vpc_host_project.shared_vpc_host",
            "module.seed_bootstrap.module.seed_project.module.project-factory.google_compute_shared_vpc_service_project.shared_vpc_attachment",
            "module.seed_bootstrap.module.seed_project.module.project-factory.google_project.main",
            "module.seed_bootstrap.module.seed_project.module.project-factory.module.project_services.google_project_iam_member.project_service_identity_roles",
            "module.seed_bootstrap.module.seed_project.module.project-factory.module.project_services.google_project_service.project_services",
            "module.seed_bootstrap.module.seed_project.module.project-factory.module.project_services.google_project_service_identity.project_service_identities",
            "module.seed_bootstrap.module.seed_project.module.project-factory.random_id.random_project_id_suffix",
            "module.seed_bootstrap.random_id.suffix"
          ]
        }
      ]
    },
    {
      "module": "module.seed_bootstrap",
      "mode": "managed",
      "type": "random_id",
      "name": "suffix",
      "provider": "provider[\"registry.terraform.io/hashicorp/random\"]",
      "instances": [
        {
          "schema_version": 0,
          "attributes": {
            "b64": "qEQ",
            "b64_std": "qEQ=",
            "b64_url": "qEQ",
            "byte_length": 2,
            "dec": "43076",
            "hex": "a844",
            "id": "qEQ",
            "keepers": null,
            "prefix": null
          },
          "private": "bnVsbA=="
        }
      ]
    },
    {
      "module": "module.seed_bootstrap.module.seed_project.module.project-factory",
      "mode": "managed",
      "type": "google_project",
      "name": "main",
      "provider": "provider[\"registry.terraform.io/hashicorp/google\"]",
      "instances": [
        {
          "schema_version": 1,
          "attributes": {
            "auto_create_network": false,
            "billing_account": "01B9C8-4FDF93-2CAD36",
            "folder_id": "693453277557",
            "id": "projects/gcp-wf-seed-779f",
            "labels": {
              "application": "env-bootstrap",
              "business": "danmurphys",
              "components": "bootstrap",
              "costcentre": "ss6087",
              "environment": "bootstrap",
              "managedby": "edg_digital_support",
              "owner": "tamara_seifman_at_edg_com_au",
              "project_code": "bootstrap",
              "projectendmonth": "april-2021",
              "support_contact": "edgdigitalsupport_edg_com_au"
            },
            "name": "gcp-wf-seed",
            "number": "335703811194",
            "org_id": "",
            "project_id": "gcp-wf-seed-779f",
            "skip_delete": null,
            "timeouts": null
          },
          "private": "eyJlMmJmYjczMC1lY2FhLTExZTYtOGY4OC0zNDM2M2JjN2M0YzAiOnsiY3JlYXRlIjo2MDAwMDAwMDAwMDAsImRlbGV0ZSI6NjAwMDAwMDAwMDAwLCJyZWFkIjo2MDAwMDAwMDAwMDAsInVwZGF0ZSI6NjAwMDAwMDAwMDAwfSwic2NoZW1hX3ZlcnNpb24iOiIxIn0=",
          "dependencies": [
            "google_folder.bootstrap",
            "module.seed_bootstrap.google_folder_iam_member.tmp_project_creator",
            "module.seed_bootstrap.google_organization_iam_member.tmp_project_creator",
            "module.seed_bootstrap.module.seed_project.module.project-factory.random_id.random_project_id_suffix"
          ]
        }
      ]
    },
    {
      "module": "module.seed_bootstrap.module.seed_project.module.project-factory",
      "mode": "managed",
      "type": "google_project_default_service_accounts",
      "name": "default_service_accounts",
      "provider": "provider[\"registry.terraform.io/hashicorp/google\"]",
      "instances": [
        {
          "index_key": 0,
          "schema_version": 0,
          "attributes": {
            "action": "DISABLE",
            "id": "projects/gcp-wf-seed-779f",
            "project": "gcp-wf-seed-779f",
            "restore_policy": "REVERT_AND_IGNORE_FAILURE",
            "service_accounts": {
              "115068753331195074274": "335703811194-compute@developer.gserviceaccount.com"
            },
            "timeouts": null
          },
          "private": "eyJlMmJmYjczMC1lY2FhLTExZTYtOGY4OC0zNDM2M2JjN2M0YzAiOnsiY3JlYXRlIjo2MDAwMDAwMDAwMDAsImRlbGV0ZSI6NjAwMDAwMDAwMDAwLCJyZWFkIjo2MDAwMDAwMDAwMDB9fQ==",
          "dependencies": [
            "google_folder.bootstrap",
            "module.seed_bootstrap.google_folder_iam_member.tmp_project_creator",
            "module.seed_bootstrap.google_organization_iam_member.tmp_project_creator",
            "module.seed_bootstrap.module.seed_project.module.project-factory.google_project.main",
            "module.seed_bootstrap.module.seed_project.module.project-factory.module.project_services.google_project_iam_member.project_service_identity_roles",
            "module.seed_bootstrap.module.seed_project.module.project-factory.module.project_services.google_project_service.project_services",
            "module.seed_bootstrap.module.seed_project.module.project-factory.module.project_services.google_project_service_identity.project_service_identities",
            "module.seed_bootstrap.module.seed_project.module.project-factory.random_id.random_project_id_suffix"
          ]
        }
      ]
    },
    {
      "module": "module.seed_bootstrap.module.seed_project.module.project-factory",
      "mode": "managed",
      "type": "google_service_account",
      "name": "default_service_account",
      "provider": "provider[\"registry.terraform.io/hashicorp/google\"]",
      "instances": [
        {
          "index_key": 0,
          "schema_version": 0,
          "attributes": {
            "account_id": "project-service-account",
            "description": "",
            "display_name": "gcp-wf-seed Project Service Account",
            "email": "project-service-account@gcp-wf-seed-779f.iam.gserviceaccount.com",
            "id": "projects/gcp-wf-seed-779f/serviceAccounts/project-service-account@gcp-wf-seed-779f.iam.gserviceaccount.com",
            "name": "projects/gcp-wf-seed-779f/serviceAccounts/project-service-account@gcp-wf-seed-779f.iam.gserviceaccount.com",
            "project": "gcp-wf-seed-779f",
            "timeouts": null,
            "unique_id": "113714994704532757043"
          },
          "private": "eyJlMmJmYjczMC1lY2FhLTExZTYtOGY4OC0zNDM2M2JjN2M0YzAiOnsiY3JlYXRlIjozMDAwMDAwMDAwMDB9fQ==",
          "dependencies": [
            "google_folder.bootstrap",
            "module.seed_bootstrap.google_folder_iam_member.tmp_project_creator",
            "module.seed_bootstrap.google_organization_iam_member.tmp_project_creator",
            "module.seed_bootstrap.module.seed_project.module.project-factory.google_project.main",
            "module.seed_bootstrap.module.seed_project.module.project-factory.random_id.random_project_id_suffix"
          ]
        }
      ]
    },
    {
      "module": "module.seed_bootstrap.module.seed_project.module.project-factory",
      "mode": "managed",
      "type": "random_id",
      "name": "random_project_id_suffix",
      "provider": "provider[\"registry.terraform.io/hashicorp/random\"]",
      "instances": [
        {
          "schema_version": 0,
          "attributes": {
            "b64": "d58",
            "b64_std": "d58=",
            "b64_url": "d58",
            "byte_length": 2,
            "dec": "30623",
            "hex": "779f",
            "id": "d58",
            "keepers": null,
            "prefix": null
          },
          "private": "bnVsbA=="
        }
      ]
    },
    {
      "module": "module.seed_bootstrap.module.seed_project.module.project-factory.module.project_services",
      "mode": "managed",
      "type": "google_project_service",
      "name": "project_services",
      "provider": "provider[\"registry.terraform.io/hashicorp/google\"]",
      "instances": [
        {
          "index_key": "accesscontextmanager.googleapis.com",
          "schema_version": 0,
          "attributes": {
            "disable_dependent_services": true,
            "disable_on_destroy": false,
            "id": "gcp-wf-seed-779f/accesscontextmanager.googleapis.com",
            "project": "gcp-wf-seed-779f",
            "service": "accesscontextmanager.googleapis.com",
            "timeouts": null
          },
          "private": "eyJlMmJmYjczMC1lY2FhLTExZTYtOGY4OC0zNDM2M2JjN2M0YzAiOnsiY3JlYXRlIjoxMjAwMDAwMDAwMDAwLCJkZWxldGUiOjEyMDAwMDAwMDAwMDAsInJlYWQiOjYwMDAwMDAwMDAwMCwidXBkYXRlIjoxMjAwMDAwMDAwMDAwfX0=",
          "dependencies": [
            "google_folder.bootstrap",
            "module.seed_bootstrap.google_folder_iam_member.tmp_project_creator",
            "module.seed_bootstrap.google_organization_iam_member.tmp_project_creator",
            "module.seed_bootstrap.module.seed_project.module.project-factory.google_project.main",
            "module.seed_bootstrap.module.seed_project.module.project-factory.random_id.random_project_id_suffix"
          ]
        },
        {
          "index_key": "admin.googleapis.com",
          "schema_version": 0,
          "attributes": {
            "disable_dependent_services": true,
            "disable_on_destroy": false,
            "id": "gcp-wf-seed-779f/admin.googleapis.com",
            "project": "gcp-wf-seed-779f",
            "service": "admin.googleapis.com",
            "timeouts": null
          },
          "private": "eyJlMmJmYjczMC1lY2FhLTExZTYtOGY4OC0zNDM2M2JjN2M0YzAiOnsiY3JlYXRlIjoxMjAwMDAwMDAwMDAwLCJkZWxldGUiOjEyMDAwMDAwMDAwMDAsInJlYWQiOjYwMDAwMDAwMDAwMCwidXBkYXRlIjoxMjAwMDAwMDAwMDAwfX0=",
          "dependencies": [
            "google_folder.bootstrap",
            "module.seed_bootstrap.google_folder_iam_member.tmp_project_creator",
            "module.seed_bootstrap.google_organization_iam_member.tmp_project_creator",
            "module.seed_bootstrap.module.seed_project.module.project-factory.google_project.main",
            "module.seed_bootstrap.module.seed_project.module.project-factory.random_id.random_project_id_suffix"
          ]
        },
        {
          "index_key": "appengine.googleapis.com",
          "schema_version": 0,
          "attributes": {
            "disable_dependent_services": true,
            "disable_on_destroy": false,
            "id": "gcp-wf-seed-779f/appengine.googleapis.com",
            "project": "gcp-wf-seed-779f",
            "service": "appengine.googleapis.com",
            "timeouts": null
          },
          "private": "eyJlMmJmYjczMC1lY2FhLTExZTYtOGY4OC0zNDM2M2JjN2M0YzAiOnsiY3JlYXRlIjoxMjAwMDAwMDAwMDAwLCJkZWxldGUiOjEyMDAwMDAwMDAwMDAsInJlYWQiOjYwMDAwMDAwMDAwMCwidXBkYXRlIjoxMjAwMDAwMDAwMDAwfX0=",
          "dependencies": [
            "google_folder.bootstrap",
            "module.seed_bootstrap.google_folder_iam_member.tmp_project_creator",
            "module.seed_bootstrap.google_organization_iam_member.tmp_project_creator",
            "module.seed_bootstrap.module.seed_project.module.project-factory.google_project.main",
            "module.seed_bootstrap.module.seed_project.module.project-factory.random_id.random_project_id_suffix"
          ]
        },
        {
          "index_key": "bigquery.googleapis.com",
          "schema_version": 0,
          "attributes": {
            "disable_dependent_services": true,
            "disable_on_destroy": false,
            "id": "gcp-wf-seed-779f/bigquery.googleapis.com",
            "project": "gcp-wf-seed-779f",
            "service": "bigquery.googleapis.com",
            "timeouts": null
          },
          "private": "eyJlMmJmYjczMC1lY2FhLTExZTYtOGY4OC0zNDM2M2JjN2M0YzAiOnsiY3JlYXRlIjoxMjAwMDAwMDAwMDAwLCJkZWxldGUiOjEyMDAwMDAwMDAwMDAsInJlYWQiOjYwMDAwMDAwMDAwMCwidXBkYXRlIjoxMjAwMDAwMDAwMDAwfX0=",
          "dependencies": [
            "google_folder.bootstrap",
            "module.seed_bootstrap.google_folder_iam_member.tmp_project_creator",
            "module.seed_bootstrap.google_organization_iam_member.tmp_project_creator",
            "module.seed_bootstrap.module.seed_project.module.project-factory.google_project.main",
            "module.seed_bootstrap.module.seed_project.module.project-factory.random_id.random_project_id_suffix"
          ]
        },
        {
          "index_key": "billingbudgets.googleapis.com",
          "schema_version": 0,
          "attributes": {
            "disable_dependent_services": true,
            "disable_on_destroy": false,
            "id": "gcp-wf-seed-779f/billingbudgets.googleapis.com",
            "project": "gcp-wf-seed-779f",
            "service": "billingbudgets.googleapis.com",
            "timeouts": null
          },
          "private": "eyJlMmJmYjczMC1lY2FhLTExZTYtOGY4OC0zNDM2M2JjN2M0YzAiOnsiY3JlYXRlIjoxMjAwMDAwMDAwMDAwLCJkZWxldGUiOjEyMDAwMDAwMDAwMDAsInJlYWQiOjYwMDAwMDAwMDAwMCwidXBkYXRlIjoxMjAwMDAwMDAwMDAwfX0=",
          "dependencies": [
            "google_folder.bootstrap",
            "module.seed_bootstrap.google_folder_iam_member.tmp_project_creator",
            "module.seed_bootstrap.google_organization_iam_member.tmp_project_creator",
            "module.seed_bootstrap.module.seed_project.module.project-factory.google_project.main",
            "module.seed_bootstrap.module.seed_project.module.project-factory.random_id.random_project_id_suffix"
          ]
        },
        {
          "index_key": "cloudbilling.googleapis.com",
          "schema_version": 0,
          "attributes": {
            "disable_dependent_services": true,
            "disable_on_destroy": false,
            "id": "gcp-wf-seed-779f/cloudbilling.googleapis.com",
            "project": "gcp-wf-seed-779f",
            "service": "cloudbilling.googleapis.com",
            "timeouts": null
          },
          "private": "eyJlMmJmYjczMC1lY2FhLTExZTYtOGY4OC0zNDM2M2JjN2M0YzAiOnsiY3JlYXRlIjoxMjAwMDAwMDAwMDAwLCJkZWxldGUiOjEyMDAwMDAwMDAwMDAsInJlYWQiOjYwMDAwMDAwMDAwMCwidXBkYXRlIjoxMjAwMDAwMDAwMDAwfX0=",
          "dependencies": [
            "google_folder.bootstrap",
            "module.seed_bootstrap.google_folder_iam_member.tmp_project_creator",
            "module.seed_bootstrap.google_organization_iam_member.tmp_project_creator",
            "module.seed_bootstrap.module.seed_project.module.project-factory.google_project.main",
            "module.seed_bootstrap.module.seed_project.module.project-factory.random_id.random_project_id_suffix"
          ]
        },
        {
          "index_key": "cloudresourcemanager.googleapis.com",
          "schema_version": 0,
          "attributes": {
            "disable_dependent_services": true,
            "disable_on_destroy": false,
            "id": "gcp-wf-seed-779f/cloudresourcemanager.googleapis.com",
            "project": "gcp-wf-seed-779f",
            "service": "cloudresourcemanager.googleapis.com",
            "timeouts": null
          },
          "private": "eyJlMmJmYjczMC1lY2FhLTExZTYtOGY4OC0zNDM2M2JjN2M0YzAiOnsiY3JlYXRlIjoxMjAwMDAwMDAwMDAwLCJkZWxldGUiOjEyMDAwMDAwMDAwMDAsInJlYWQiOjYwMDAwMDAwMDAwMCwidXBkYXRlIjoxMjAwMDAwMDAwMDAwfX0=",
          "dependencies": [
            "google_folder.bootstrap",
            "module.seed_bootstrap.google_folder_iam_member.tmp_project_creator",
            "module.seed_bootstrap.google_organization_iam_member.tmp_project_creator",
            "module.seed_bootstrap.module.seed_project.module.project-factory.google_project.main",
            "module.seed_bootstrap.module.seed_project.module.project-factory.random_id.random_project_id_suffix"
          ]
        },
        {
          "index_key": "compute.googleapis.com",
          "schema_version": 0,
          "attributes": {
            "disable_dependent_services": true,
            "disable_on_destroy": false,
            "id": "gcp-wf-seed-779f/compute.googleapis.com",
            "project": "gcp-wf-seed-779f",
            "service": "compute.googleapis.com",
            "timeouts": null
          },
          "private": "eyJlMmJmYjczMC1lY2FhLTExZTYtOGY4OC0zNDM2M2JjN2M0YzAiOnsiY3JlYXRlIjoxMjAwMDAwMDAwMDAwLCJkZWxldGUiOjEyMDAwMDAwMDAwMDAsInJlYWQiOjYwMDAwMDAwMDAwMCwidXBkYXRlIjoxMjAwMDAwMDAwMDAwfX0=",
          "dependencies": [
            "google_folder.bootstrap",
            "module.seed_bootstrap.google_folder_iam_member.tmp_project_creator",
            "module.seed_bootstrap.google_organization_iam_member.tmp_project_creator",
            "module.seed_bootstrap.module.seed_project.module.project-factory.google_project.main",
            "module.seed_bootstrap.module.seed_project.module.project-factory.random_id.random_project_id_suffix"
          ]
        },
        {
          "index_key": "iam.googleapis.com",
          "schema_version": 0,
          "attributes": {
            "disable_dependent_services": true,
            "disable_on_destroy": false,
            "id": "gcp-wf-seed-779f/iam.googleapis.com",
            "project": "gcp-wf-seed-779f",
            "service": "iam.googleapis.com",
            "timeouts": null
          },
          "private": "eyJlMmJmYjczMC1lY2FhLTExZTYtOGY4OC0zNDM2M2JjN2M0YzAiOnsiY3JlYXRlIjoxMjAwMDAwMDAwMDAwLCJkZWxldGUiOjEyMDAwMDAwMDAwMDAsInJlYWQiOjYwMDAwMDAwMDAwMCwidXBkYXRlIjoxMjAwMDAwMDAwMDAwfX0=",
          "dependencies": [
            "google_folder.bootstrap",
            "module.seed_bootstrap.google_folder_iam_member.tmp_project_creator",
            "module.seed_bootstrap.google_organization_iam_member.tmp_project_creator",
            "module.seed_bootstrap.module.seed_project.module.project-factory.google_project.main",
            "module.seed_bootstrap.module.seed_project.module.project-factory.random_id.random_project_id_suffix"
          ]
        },
        {
          "index_key": "iamcredentials.googleapis.com",
          "schema_version": 0,
          "attributes": {
            "disable_dependent_services": true,
            "disable_on_destroy": false,
            "id": "gcp-wf-seed-779f/iamcredentials.googleapis.com",
            "project": "gcp-wf-seed-779f",
            "service": "iamcredentials.googleapis.com",
            "timeouts": null
          },
          "private": "eyJlMmJmYjczMC1lY2FhLTExZTYtOGY4OC0zNDM2M2JjN2M0YzAiOnsiY3JlYXRlIjoxMjAwMDAwMDAwMDAwLCJkZWxldGUiOjEyMDAwMDAwMDAwMDAsInJlYWQiOjYwMDAwMDAwMDAwMCwidXBkYXRlIjoxMjAwMDAwMDAwMDAwfX0=",
          "dependencies": [
            "google_folder.bootstrap",
            "module.seed_bootstrap.google_folder_iam_member.tmp_project_creator",
            "module.seed_bootstrap.google_organization_iam_member.tmp_project_creator",
            "module.seed_bootstrap.module.seed_project.module.project-factory.google_project.main",
            "module.seed_bootstrap.module.seed_project.module.project-factory.random_id.random_project_id_suffix"
          ]
        },
        {
          "index_key": "logging.googleapis.com",
          "schema_version": 0,
          "attributes": {
            "disable_dependent_services": true,
            "disable_on_destroy": false,
            "id": "gcp-wf-seed-779f/logging.googleapis.com",
            "project": "gcp-wf-seed-779f",
            "service": "logging.googleapis.com",
            "timeouts": null
          },
          "private": "eyJlMmJmYjczMC1lY2FhLTExZTYtOGY4OC0zNDM2M2JjN2M0YzAiOnsiY3JlYXRlIjoxMjAwMDAwMDAwMDAwLCJkZWxldGUiOjEyMDAwMDAwMDAwMDAsInJlYWQiOjYwMDAwMDAwMDAwMCwidXBkYXRlIjoxMjAwMDAwMDAwMDAwfX0=",
          "dependencies": [
            "google_folder.bootstrap",
            "module.seed_bootstrap.google_folder_iam_member.tmp_project_creator",
            "module.seed_bootstrap.google_organization_iam_member.tmp_project_creator",
            "module.seed_bootstrap.module.seed_project.module.project-factory.google_project.main",
            "module.seed_bootstrap.module.seed_project.module.project-factory.random_id.random_project_id_suffix"
          ]
        },
        {
          "index_key": "monitoring.googleapis.com",
          "schema_version": 0,
          "attributes": {
            "disable_dependent_services": true,
            "disable_on_destroy": false,
            "id": "gcp-wf-seed-779f/monitoring.googleapis.com",
            "project": "gcp-wf-seed-779f",
            "service": "monitoring.googleapis.com",
            "timeouts": null
          },
          "private": "eyJlMmJmYjczMC1lY2FhLTExZTYtOGY4OC0zNDM2M2JjN2M0YzAiOnsiY3JlYXRlIjoxMjAwMDAwMDAwMDAwLCJkZWxldGUiOjEyMDAwMDAwMDAwMDAsInJlYWQiOjYwMDAwMDAwMDAwMCwidXBkYXRlIjoxMjAwMDAwMDAwMDAwfX0=",
          "dependencies": [
            "google_folder.bootstrap",
            "module.seed_bootstrap.google_folder_iam_member.tmp_project_creator",
            "module.seed_bootstrap.google_organization_iam_member.tmp_project_creator",
            "module.seed_bootstrap.module.seed_project.module.project-factory.google_project.main",
            "module.seed_bootstrap.module.seed_project.module.project-factory.random_id.random_project_id_suffix"
          ]
        },
        {
          "index_key": "pubsub.googleapis.com",
          "schema_version": 0,
          "attributes": {
            "disable_dependent_services": true,
            "disable_on_destroy": false,
            "id": "gcp-wf-seed-779f/pubsub.googleapis.com",
            "project": "gcp-wf-seed-779f",
            "service": "pubsub.googleapis.com",
            "timeouts": null
          },
          "private": "eyJlMmJmYjczMC1lY2FhLTExZTYtOGY4OC0zNDM2M2JjN2M0YzAiOnsiY3JlYXRlIjoxMjAwMDAwMDAwMDAwLCJkZWxldGUiOjEyMDAwMDAwMDAwMDAsInJlYWQiOjYwMDAwMDAwMDAwMCwidXBkYXRlIjoxMjAwMDAwMDAwMDAwfX0=",
          "dependencies": [
            "google_folder.bootstrap",
            "module.seed_bootstrap.google_folder_iam_member.tmp_project_creator",
            "module.seed_bootstrap.google_organization_iam_member.tmp_project_creator",
            "module.seed_bootstrap.module.seed_project.module.project-factory.google_project.main",
            "module.seed_bootstrap.module.seed_project.module.project-factory.random_id.random_project_id_suffix"
          ]
        },
        {
          "index_key": "securitycenter.googleapis.com",
          "schema_version": 0,
          "attributes": {
            "disable_dependent_services": true,
            "disable_on_destroy": false,
            "id": "gcp-wf-seed-779f/securitycenter.googleapis.com",
            "project": "gcp-wf-seed-779f",
            "service": "securitycenter.googleapis.com",
            "timeouts": null
          },
          "private": "eyJlMmJmYjczMC1lY2FhLTExZTYtOGY4OC0zNDM2M2JjN2M0YzAiOnsiY3JlYXRlIjoxMjAwMDAwMDAwMDAwLCJkZWxldGUiOjEyMDAwMDAwMDAwMDAsInJlYWQiOjYwMDAwMDAwMDAwMCwidXBkYXRlIjoxMjAwMDAwMDAwMDAwfX0=",
          "dependencies": [
            "google_folder.bootstrap",
            "module.seed_bootstrap.google_folder_iam_member.tmp_project_creator",
            "module.seed_bootstrap.google_organization_iam_member.tmp_project_creator",
            "module.seed_bootstrap.module.seed_project.module.project-factory.google_project.main",
            "module.seed_bootstrap.module.seed_project.module.project-factory.random_id.random_project_id_suffix"
          ]
        },
        {
          "index_key": "servicenetworking.googleapis.com",
          "schema_version": 0,
          "attributes": {
            "disable_dependent_services": true,
            "disable_on_destroy": false,
            "id": "gcp-wf-seed-779f/servicenetworking.googleapis.com",
            "project": "gcp-wf-seed-779f",
            "service": "servicenetworking.googleapis.com",
            "timeouts": null
          },
          "private": "eyJlMmJmYjczMC1lY2FhLTExZTYtOGY4OC0zNDM2M2JjN2M0YzAiOnsiY3JlYXRlIjoxMjAwMDAwMDAwMDAwLCJkZWxldGUiOjEyMDAwMDAwMDAwMDAsInJlYWQiOjYwMDAwMDAwMDAwMCwidXBkYXRlIjoxMjAwMDAwMDAwMDAwfX0=",
          "dependencies": [
            "google_folder.bootstrap",
            "module.seed_bootstrap.google_folder_iam_member.tmp_project_creator",
            "module.seed_bootstrap.google_organization_iam_member.tmp_project_creator",
            "module.seed_bootstrap.module.seed_project.module.project-factory.google_project.main",
            "module.seed_bootstrap.module.seed_project.module.project-factory.random_id.random_project_id_suffix"
          ]
        },
        {
          "index_key": "serviceusage.googleapis.com",
          "schema_version": 0,
          "attributes": {
            "disable_dependent_services": true,
            "disable_on_destroy": false,
            "id": "gcp-wf-seed-779f/serviceusage.googleapis.com",
            "project": "gcp-wf-seed-779f",
            "service": "serviceusage.googleapis.com",
            "timeouts": null
          },
          "private": "eyJlMmJmYjczMC1lY2FhLTExZTYtOGY4OC0zNDM2M2JjN2M0YzAiOnsiY3JlYXRlIjoxMjAwMDAwMDAwMDAwLCJkZWxldGUiOjEyMDAwMDAwMDAwMDAsInJlYWQiOjYwMDAwMDAwMDAwMCwidXBkYXRlIjoxMjAwMDAwMDAwMDAwfX0=",
          "dependencies": [
            "google_folder.bootstrap",
            "module.seed_bootstrap.google_folder_iam_member.tmp_project_creator",
            "module.seed_bootstrap.google_organization_iam_member.tmp_project_creator",
            "module.seed_bootstrap.module.seed_project.module.project-factory.google_project.main",
            "module.seed_bootstrap.module.seed_project.module.project-factory.random_id.random_project_id_suffix"
          ]
        },
        {
          "index_key": "storage-api.googleapis.com",
          "schema_version": 0,
          "attributes": {
            "disable_dependent_services": true,
            "disable_on_destroy": false,
            "id": "gcp-wf-seed-779f/storage-api.googleapis.com",
            "project": "gcp-wf-seed-779f",
            "service": "storage-api.googleapis.com",
            "timeouts": null
          },
          "private": "eyJlMmJmYjczMC1lY2FhLTExZTYtOGY4OC0zNDM2M2JjN2M0YzAiOnsiY3JlYXRlIjoxMjAwMDAwMDAwMDAwLCJkZWxldGUiOjEyMDAwMDAwMDAwMDAsInJlYWQiOjYwMDAwMDAwMDAwMCwidXBkYXRlIjoxMjAwMDAwMDAwMDAwfX0=",
          "dependencies": [
            "google_folder.bootstrap",
            "module.seed_bootstrap.google_folder_iam_member.tmp_project_creator",
            "module.seed_bootstrap.google_organization_iam_member.tmp_project_creator",
            "module.seed_bootstrap.module.seed_project.module.project-factory.google_project.main",
            "module.seed_bootstrap.module.seed_project.module.project-factory.random_id.random_project_id_suffix"
          ]
        }
      ]
    }
  ]
}
